
Microsoft Visual Studio Solution File, Format Version 12.00
# Visual Studio Version 17
VisualStudioVersion = 17.10.35027.167
MinimumVisualStudioVersion = 10.0.40219.1
Project("{8BC9CEB8-8B4A-11D0-8D11-00A0C91BC942}") = "BigInt", "BigInt\BigInt.vcxproj", "{1D758857-C5A3-40BF-B4BE-34D10E4F816C}"
EndProject
Project("{8BC9CEB8-8B4A-11D0-8D11-00A0C91BC942}") = "test", "test\test.vcxproj", "{8CABB46A-ED2C-4A6B-9AB5-455CC851D6DE}"
EndProject
Project("{8BC9CEB8-8B4A-11D0-8D11-00A0C91BC942}") = "utils", "utils\utils.vcxproj", "{16E07265-B40E-4991-B2D6-DC73D57F110A}"
	ProjectSection(ProjectDependencies) = postProject
		{1D758857-C5A3-40BF-B4BE-34D10E4F816C} = {1D758857-C5A3-40BF-B4BE-34D10E4F816C}
	EndProjectSection
EndProject
Project("{8BC9CEB8-8B4A-11D0-8D11-00A0C91BC942}") = "ALL_BUILD", "..\benchmark\build\ALL_BUILD.vcxproj", "{3730EE65-22F9-3AF1-9C26-6C86C959DC45}"
EndProject
Project("{8BC9CEB8-8B4A-11D0-8D11-00A0C91BC942}") = "benchmark", "benchmark\benchmark.vcxproj", "{C1089787-1E5E-4A0D-A72D-CAEC3FBAAFAA}"
	ProjectSection(ProjectDependencies) = postProject
		{1D758857-C5A3-40BF-B4BE-34D10E4F816C} = {1D758857-C5A3-40BF-B4BE-34D10E4F816C}
	EndProjectSection
EndProject
Project("{2150E333-8FDC-42A3-9474-1A3956D46DE8}") = "解决方案项", "解决方案项", "{C1C93B84-82FB-416C-8D3C-27B84CE97974}"
	ProjectSection(SolutionItems) = preProject
		README.md = README.md
	EndProjectSection
EndProject
Global
	GlobalSection(SolutionConfigurationPlatforms) = preSolution
		Debug|x64 = Debug|x64
		Debug|x86 = Debug|x86
		MinSizeRel|x64 = MinSizeRel|x64
		MinSizeRel|x86 = MinSizeRel|x86
		Release|x64 = Release|x64
		Release|x86 = Release|x86
		RelWithDebInfo|x64 = RelWithDebInfo|x64
		RelWithDebInfo|x86 = RelWithDebInfo|x86
	EndGlobalSection
	GlobalSection(ProjectConfigurationPlatforms) = postSolution
		{1D758857-C5A3-40BF-B4BE-34D10E4F816C}.Debug|x64.ActiveCfg = Debug|x64
		{1D758857-C5A3-40BF-B4BE-34D10E4F816C}.Debug|x64.Build.0 = Debug|x64
		{1D758857-C5A3-40BF-B4BE-34D10E4F816C}.Debug|x86.ActiveCfg = Debug|Win32
		{1D758857-C5A3-40BF-B4BE-34D10E4F816C}.Debug|x86.Build.0 = Debug|Win32
		{1D758857-C5A3-40BF-B4BE-34D10E4F816C}.MinSizeRel|x64.ActiveCfg = Release|x64
		{1D758857-C5A3-40BF-B4BE-34D10E4F816C}.MinSizeRel|x64.Build.0 = Release|x64
		{1D758857-C5A3-40BF-B4BE-34D10E4F816C}.MinSizeRel|x86.ActiveCfg = Release|Win32
		{1D758857-C5A3-40BF-B4BE-34D10E4F816C}.MinSizeRel|x86.Build.0 = Release|Win32
		{1D758857-C5A3-40BF-B4BE-34D10E4F816C}.Release|x64.ActiveCfg = Release|x64
		{1D758857-C5A3-40BF-B4BE-34D10E4F816C}.Release|x64.Build.0 = Release|x64
		{1D758857-C5A3-40BF-B4BE-34D10E4F816C}.Release|x86.ActiveCfg = Release|Win32
		{1D758857-C5A3-40BF-B4BE-34D10E4F816C}.Release|x86.Build.0 = Release|Win32
		{1D758857-C5A3-40BF-B4BE-34D10E4F816C}.RelWithDebInfo|x64.ActiveCfg = Release|x64
		{1D758857-C5A3-40BF-B4BE-34D10E4F816C}.RelWithDebInfo|x64.Build.0 = Release|x64
		{1D758857-C5A3-40BF-B4BE-34D10E4F816C}.RelWithDebInfo|x86.ActiveCfg = Release|Win32
		{1D758857-C5A3-40BF-B4BE-34D10E4F816C}.RelWithDebInfo|x86.Build.0 = Release|Win32
		{8CABB46A-ED2C-4A6B-9AB5-455CC851D6DE}.Debug|x64.ActiveCfg = Debug|x64
		{8CABB46A-ED2C-4A6B-9AB5-455CC851D6DE}.Debug|x64.Build.0 = Debug|x64
		{8CABB46A-ED2C-4A6B-9AB5-455CC851D6DE}.Debug|x86.ActiveCfg = Debug|Win32
		{8CABB46A-ED2C-4A6B-9AB5-455CC851D6DE}.Debug|x86.Build.0 = Debug|Win32
		{8CABB46A-ED2C-4A6B-9AB5-455CC851D6DE}.MinSizeRel|x64.ActiveCfg = Release|x64
		{8CABB46A-ED2C-4A6B-9AB5-455CC851D6DE}.MinSizeRel|x64.Build.0 = Release|x64
		{8CABB46A-ED2C-4A6B-9AB5-455CC851D6DE}.MinSizeRel|x86.ActiveCfg = Release|Win32
		{8CABB46A-ED2C-4A6B-9AB5-455CC851D6DE}.MinSizeRel|x86.Build.0 = Release|Win32
		{8CABB46A-ED2C-4A6B-9AB5-455CC851D6DE}.Release|x64.ActiveCfg = Release|x64
		{8CABB46A-ED2C-4A6B-9AB5-455CC851D6DE}.Release|x64.Build.0 = Release|x64
		{8CABB46A-ED2C-4A6B-9AB5-455CC851D6DE}.Release|x86.ActiveCfg = Release|Win32
		{8CABB46A-ED2C-4A6B-9AB5-455CC851D6DE}.Release|x86.Build.0 = Release|Win32
		{8CABB46A-ED2C-4A6B-9AB5-455CC851D6DE}.RelWithDebInfo|x64.ActiveCfg = Release|x64
		{8CABB46A-ED2C-4A6B-9AB5-455CC851D6DE}.RelWithDebInfo|x64.Build.0 = Release|x64
		{8CABB46A-ED2C-4A6B-9AB5-455CC851D6DE}.RelWithDebInfo|x86.ActiveCfg = Release|Win32
		{8CABB46A-ED2C-4A6B-9AB5-455CC851D6DE}.RelWithDebInfo|x86.Build.0 = Release|Win32
		{16E07265-B40E-4991-B2D6-DC73D57F110A}.Debug|x64.ActiveCfg = Debug|x64
		{16E07265-B40E-4991-B2D6-DC73D57F110A}.Debug|x64.Build.0 = Debug|x64
		{16E07265-B40E-4991-B2D6-DC73D57F110A}.Debug|x86.ActiveCfg = Debug|Win32
		{16E07265-B40E-4991-B2D6-DC73D57F110A}.Debug|x86.Build.0 = Debug|Win32
		{16E07265-B40E-4991-B2D6-DC73D57F110A}.MinSizeRel|x64.ActiveCfg = Release|x64
		{16E07265-B40E-4991-B2D6-DC73D57F110A}.MinSizeRel|x64.Build.0 = Release|x64
		{16E07265-B40E-4991-B2D6-DC73D57F110A}.MinSizeRel|x86.ActiveCfg = Release|Win32
		{16E07265-B40E-4991-B2D6-DC73D57F110A}.MinSizeRel|x86.Build.0 = Release|Win32
		{16E07265-B40E-4991-B2D6-DC73D57F110A}.Release|x64.ActiveCfg = Release|x64
		{16E07265-B40E-4991-B2D6-DC73D57F110A}.Release|x64.Build.0 = Release|x64
		{16E07265-B40E-4991-B2D6-DC73D57F110A}.Release|x86.ActiveCfg = Release|Win32
		{16E07265-B40E-4991-B2D6-DC73D57F110A}.Release|x86.Build.0 = Release|Win32
		{16E07265-B40E-4991-B2D6-DC73D57F110A}.RelWithDebInfo|x64.ActiveCfg = Release|x64
		{16E07265-B40E-4991-B2D6-DC73D57F110A}.RelWithDebInfo|x64.Build.0 = Release|x64
		{16E07265-B40E-4991-B2D6-DC73D57F110A}.RelWithDebInfo|x86.ActiveCfg = Release|Win32
		{16E07265-B40E-4991-B2D6-DC73D57F110A}.RelWithDebInfo|x86.Build.0 = Release|Win32
		{3730EE65-22F9-3AF1-9C26-6C86C959DC45}.Debug|x64.ActiveCfg = Debug|x64
		{3730EE65-22F9-3AF1-9C26-6C86C959DC45}.Debug|x64.Build.0 = Debug|x64
		{3730EE65-22F9-3AF1-9C26-6C86C959DC45}.Debug|x86.ActiveCfg = Debug|x64
		{3730EE65-22F9-3AF1-9C26-6C86C959DC45}.Debug|x86.Build.0 = Debug|x64
		{3730EE65-22F9-3AF1-9C26-6C86C959DC45}.MinSizeRel|x64.ActiveCfg = MinSizeRel|x64
		{3730EE65-22F9-3AF1-9C26-6C86C959DC45}.MinSizeRel|x64.Build.0 = MinSizeRel|x64
		{3730EE65-22F9-3AF1-9C26-6C86C959DC45}.MinSizeRel|x86.ActiveCfg = MinSizeRel|x64
		{3730EE65-22F9-3AF1-9C26-6C86C959DC45}.MinSizeRel|x86.Build.0 = MinSizeRel|x64
		{3730EE65-22F9-3AF1-9C26-6C86C959DC45}.Release|x64.ActiveCfg = Release|x64
		{3730EE65-22F9-3AF1-9C26-6C86C959DC45}.Release|x64.Build.0 = Release|x64
		{3730EE65-22F9-3AF1-9C26-6C86C959DC45}.Release|x86.ActiveCfg = Release|x64
		{3730EE65-22F9-3AF1-9C26-6C86C959DC45}.Release|x86.Build.0 = Release|x64
		{3730EE65-22F9-3AF1-9C26-6C86C959DC45}.RelWithDebInfo|x64.ActiveCfg = RelWithDebInfo|x64
		{3730EE65-22F9-3AF1-9C26-6C86C959DC45}.RelWithDebInfo|x64.Build.0 = RelWithDebInfo|x64
		{3730EE65-22F9-3AF1-9C26-6C86C959DC45}.RelWithDebInfo|x86.ActiveCfg = RelWithDebInfo|x64
		{3730EE65-22F9-3AF1-9C26-6C86C959DC45}.RelWithDebInfo|x86.Build.0 = RelWithDebInfo|x64
		{C1089787-1E5E-4A0D-A72D-CAEC3FBAAFAA}.Debug|x64.ActiveCfg = Debug|x64
		{C1089787-1E5E-4A0D-A72D-CAEC3FBAAFAA}.Debug|x64.Build.0 = Debug|x64
		{C1089787-1E5E-4A0D-A72D-CAEC3FBAAFAA}.Debug|x86.ActiveCfg = Debug|Win32
		{C1089787-1E5E-4A0D-A72D-CAEC3FBAAFAA}.Debug|x86.Build.0 = Debug|Win32
		{C1089787-1E5E-4A0D-A72D-CAEC3FBAAFAA}.MinSizeRel|x64.ActiveCfg = Debug|x64
		{C1089787-1E5E-4A0D-A72D-CAEC3FBAAFAA}.MinSizeRel|x64.Build.0 = Debug|x64
		{C1089787-1E5E-4A0D-A72D-CAEC3FBAAFAA}.MinSizeRel|x86.ActiveCfg = Debug|Win32
		{C1089787-1E5E-4A0D-A72D-CAEC3FBAAFAA}.MinSizeRel|x86.Build.0 = Debug|Win32
		{C1089787-1E5E-4A0D-A72D-CAEC3FBAAFAA}.Release|x64.ActiveCfg = Release|x64
		{C1089787-1E5E-4A0D-A72D-CAEC3FBAAFAA}.Release|x64.Build.0 = Release|x64
		{C1089787-1E5E-4A0D-A72D-CAEC3FBAAFAA}.Release|x86.ActiveCfg = Release|Win32
		{C1089787-1E5E-4A0D-A72D-CAEC3FBAAFAA}.Release|x86.Build.0 = Release|Win32
		{C1089787-1E5E-4A0D-A72D-CAEC3FBAAFAA}.RelWithDebInfo|x64.ActiveCfg = Release|x64
		{C1089787-1E5E-4A0D-A72D-CAEC3FBAAFAA}.RelWithDebInfo|x64.Build.0 = Release|x64
		{C1089787-1E5E-4A0D-A72D-CAEC3FBAAFAA}.RelWithDebInfo|x86.ActiveCfg = Release|Win32
		{C1089787-1E5E-4A0D-A72D-CAEC3FBAAFAA}.RelWithDebInfo|x86.Build.0 = Release|Win32
	EndGlobalSection
	GlobalSection(SolutionProperties) = preSolution
		HideSolutionNode = FALSE
	EndGlobalSection
	GlobalSection(ExtensibilityGlobals) = postSolution
		SolutionGuid = {16D74204-50FC-446C-A4F7-2ED8EBA34799}
	EndGlobalSection
EndGlobal
